
Microsoft Visual Studio Solution File, Format Version 12.00
# Visual Studio Version 17
VisualStudioVersion = 17.14.36908.2
MinimumVisualStudioVersion = 10.0.40219.1
Project("{FAE04EC0-301F-11D3-BF4B-00C04F79EFBC}") = "BookcaseAPI", "BookcaseAPI\BookcaseAPI.csproj", "{B91EC755-4DD8-4CEA-9860-C97B1F683467}"
EndProject
Project("{FAE04EC0-301F-11D3-BF4B-00C04F79EFBC}") = "BookcaseAPI.Tests", "G:\BookcaseAPI\BookcaseAPI\BookcaseAPI\BookcaseAPI.Tests\BookcaseAPI.Tests.csproj", "{E5744296-AD93-7279-D897-E087EA61E846}"
EndProject
Global
	GlobalSection(SolutionConfigurationPlatforms) = preSolution
		Debug|Any CPU = Debug|Any CPU
		Release|Any CPU = Release|Any CPU
	EndGlobalSection
	GlobalSection(ProjectConfigurationPlatforms) = postSolution
		{B91EC755-4DD8-4CEA-9860-C97B1F683467}.Debug|Any CPU.ActiveCfg = Debug|Any CPU
		{B91EC755-4DD8-4CEA-9860-C97B1F683467}.Debug|Any CPU.Build.0 = Debug|Any CPU
		{B91EC755-4DD8-4CEA-9860-C97B1F683467}.Release|Any CPU.ActiveCfg = Release|Any CPU
		{B91EC755-4DD8-4CEA-9860-C97B1F683467}.Release|Any CPU.Build.0 = Release|Any CPU
		{E5744296-AD93-7279-D897-E087EA61E846}.Debug|Any CPU.ActiveCfg = Debug|Any CPU
		{E5744296-AD93-7279-D897-E087EA61E846}.Debug|Any CPU.Build.0 = Debug|Any CPU
		{E5744296-AD93-7279-D897-E087EA61E846}.Release|Any CPU.ActiveCfg = Release|Any CPU
		{E5744296-AD93-7279-D897-E087EA61E846}.Release|Any CPU.Build.0 = Release|Any CPU
	EndGlobalSection
	GlobalSection(SolutionProperties) = preSolution
		HideSolutionNode = FALSE
	EndGlobalSection
	GlobalSection(ExtensibilityGlobals) = postSolution
		SolutionGuid = {863EF2E6-812A-4B15-91E7-203BB8A62AEF}
	EndGlobalSection
EndGlobal
